
Microsoft Visual Studio Solution File, Format Version 12.00
# Visual Studio Version 17
VisualStudioVersion = 17.4.33110.190
MinimumVisualStudioVersion = 10.0.40219.1
Project("{FAE04EC0-301F-11D3-BF4B-00C04F79EFBC}") = "Method", "Method\Method.csproj", "{8FA5B69F-302D-489A-8255-C84C0BD6C8FC}"
EndProject
Global
	GlobalSection(SolutionConfigurationPlatforms) = preSolution
		Debug|Any CPU = Debug|Any CPU
		Release|Any CPU = Release|Any CPU
	EndGlobalSection
	GlobalSection(ProjectConfigurationPlatforms) = postSolution
		{8FA5B69F-302D-489A-8255-C84C0BD6C8FC}.Debug|Any CPU.ActiveCfg = Debug|Any CPU
		{8FA5B69F-302D-489A-8255-C84C0BD6C8FC}.Debug|Any CPU.Build.0 = Debug|Any CPU
		{8FA5B69F-302D-489A-8255-C84C0BD6C8FC}.Release|Any CPU.ActiveCfg = Release|Any CPU
		{8FA5B69F-302D-489A-8255-C84C0BD6C8FC}.Release|Any CPU.Build.0 = Release|Any CPU
	EndGlobalSection
	GlobalSection(SolutionProperties) = preSolution
		HideSolutionNode = FALSE
	EndGlobalSection
	GlobalSection(ExtensibilityGlobals) = postSolution
		SolutionGuid = {48413B08-F596-46F6-971C-DCAFBCBEEF2B}
	EndGlobalSection
EndGlobal
